
Microsoft Visual Studio Solution File, Format Version 12.00
# Visual Studio Version 17
VisualStudioVersion = 17.11.35327.3
MinimumVisualStudioVersion = 10.0.40219.1
Project("{FAE04EC0-301F-11D3-BF4B-00C04F79EFBC}") = "Q.5.C", "Q.5.C\Q.5.C.csproj", "{646AEE8F-FE12-4A7D-A84E-FA202BE9E72A}"
EndProject
Global
	GlobalSection(SolutionConfigurationPlatforms) = preSolution
		Debug|Any CPU = Debug|Any CPU
		Release|Any CPU = Release|Any CPU
	EndGlobalSection
	GlobalSection(ProjectConfigurationPlatforms) = postSolution
		{646AEE8F-FE12-4A7D-A84E-FA202BE9E72A}.Debug|Any CPU.ActiveCfg = Debug|Any CPU
		{646AEE8F-FE12-4A7D-A84E-FA202BE9E72A}.Debug|Any CPU.Build.0 = Debug|Any CPU
		{646AEE8F-FE12-4A7D-A84E-FA202BE9E72A}.Release|Any CPU.ActiveCfg = Release|Any CPU
		{646AEE8F-FE12-4A7D-A84E-FA202BE9E72A}.Release|Any CPU.Build.0 = Release|Any CPU
	EndGlobalSection
	GlobalSection(SolutionProperties) = preSolution
		HideSolutionNode = FALSE
	EndGlobalSection
	GlobalSection(ExtensibilityGlobals) = postSolution
		SolutionGuid = {54D12615-EB0D-4B82-8D3D-634761F0B52D}
	EndGlobalSection
EndGlobal
