
Microsoft Visual Studio Solution File, Format Version 12.00
# Visual Studio Version 17
VisualStudioVersion = 17.11.35327.3
MinimumVisualStudioVersion = 10.0.40219.1
Project("{FAE04EC0-301F-11D3-BF4B-00C04F79EFBC}") = "RECAP - Q3C", "RECAP - Q3C\RECAP - Q3C.csproj", "{697AF394-CEF7-462B-BFB2-2A1753E6D747}"
EndProject
Global
	GlobalSection(SolutionConfigurationPlatforms) = preSolution
		Debug|Any CPU = Debug|Any CPU
		Release|Any CPU = Release|Any CPU
	EndGlobalSection
	GlobalSection(ProjectConfigurationPlatforms) = postSolution
		{697AF394-CEF7-462B-BFB2-2A1753E6D747}.Debug|Any CPU.ActiveCfg = Debug|Any CPU
		{697AF394-CEF7-462B-BFB2-2A1753E6D747}.Debug|Any CPU.Build.0 = Debug|Any CPU
		{697AF394-CEF7-462B-BFB2-2A1753E6D747}.Release|Any CPU.ActiveCfg = Release|Any CPU
		{697AF394-CEF7-462B-BFB2-2A1753E6D747}.Release|Any CPU.Build.0 = Release|Any CPU
	EndGlobalSection
	GlobalSection(SolutionProperties) = preSolution
		HideSolutionNode = FALSE
	EndGlobalSection
	GlobalSection(ExtensibilityGlobals) = postSolution
		SolutionGuid = {689B7DD2-AC0F-4E71-AFBD-1D92CCC9ED0B}
	EndGlobalSection
EndGlobal
